
Microsoft Visual Studio Solution File, Format Version 12.00
Project("{8BC9CEB8-8B4A-11D0-8D11-00A0C91BC942}") = "ESW-Exercises", "ESW-Exercises\ESW-Exercises.vcxproj", "{C3F9B4FD-BF55-4A98-B36D-C56097D99667}"
EndProject
Project("{8BC9CEB8-8B4A-11D0-8D11-00A0C91BC942}") = "ESW-Exercise2", "ESW-Exercise2\ESW-Exercise2.vcxproj", "{6B90CA5A-CE65-41ED-A561-88B57284BB5B}"
EndProject
Project("{8BC9CEB8-8B4A-11D0-8D11-00A0C91BC942}") = "ESW-Exercise3", "ESW-Exercise3\ESW-Exercise3.vcxproj", "{8067E66F-95CE-4A68-A9A4-6DF304DD8F69}"
EndProject
Project("{8BC9CEB8-8B4A-11D0-8D11-00A0C91BC942}") = "ESW-Exercise4", "ESW-Exercise4\ESW-Exercise4.vcxproj", "{0438E3AD-40FC-4CEA-9203-A8B0D29D1A95}"
EndProject
Global
	GlobalSection(SolutionConfigurationPlatforms) = preSolution
		Debug|Win32 = Debug|Win32
		Debug|x64 = Debug|x64
		Release|Win32 = Release|Win32
		Release|x64 = Release|x64
	EndGlobalSection
	GlobalSection(ProjectConfigurationPlatforms) = postSolution
		{C3F9B4FD-BF55-4A98-B36D-C56097D99667}.Debug|Win32.ActiveCfg = Debug|Win32
		{C3F9B4FD-BF55-4A98-B36D-C56097D99667}.Debug|Win32.Build.0 = Debug|Win32
		{C3F9B4FD-BF55-4A98-B36D-C56097D99667}.Debug|x64.ActiveCfg = Debug|x64
		{C3F9B4FD-BF55-4A98-B36D-C56097D99667}.Debug|x64.Build.0 = Debug|x64
		{C3F9B4FD-BF55-4A98-B36D-C56097D99667}.Release|Win32.ActiveCfg = Release|Win32
		{C3F9B4FD-BF55-4A98-B36D-C56097D99667}.Release|Win32.Build.0 = Release|Win32
		{C3F9B4FD-BF55-4A98-B36D-C56097D99667}.Release|x64.ActiveCfg = Release|x64
		{C3F9B4FD-BF55-4A98-B36D-C56097D99667}.Release|x64.Build.0 = Release|x64
		{6B90CA5A-CE65-41ED-A561-88B57284BB5B}.Debug|Win32.ActiveCfg = Debug|Win32
		{6B90CA5A-CE65-41ED-A561-88B57284BB5B}.Debug|Win32.Build.0 = Debug|Win32
		{6B90CA5A-CE65-41ED-A561-88B57284BB5B}.Debug|x64.ActiveCfg = Debug|x64
		{6B90CA5A-CE65-41ED-A561-88B57284BB5B}.Debug|x64.Build.0 = Debug|x64
		{6B90CA5A-CE65-41ED-A561-88B57284BB5B}.Release|Win32.ActiveCfg = Release|Win32
		{6B90CA5A-CE65-41ED-A561-88B57284BB5B}.Release|Win32.Build.0 = Release|Win32
		{6B90CA5A-CE65-41ED-A561-88B57284BB5B}.Release|x64.ActiveCfg = Release|x64
		{6B90CA5A-CE65-41ED-A561-88B57284BB5B}.Release|x64.Build.0 = Release|x64
		{8067E66F-95CE-4A68-A9A4-6DF304DD8F69}.Debug|Win32.ActiveCfg = Debug|Win32
		{8067E66F-95CE-4A68-A9A4-6DF304DD8F69}.Debug|Win32.Build.0 = Debug|Win32
		{8067E66F-95CE-4A68-A9A4-6DF304DD8F69}.Debug|x64.ActiveCfg = Debug|x64
		{8067E66F-95CE-4A68-A9A4-6DF304DD8F69}.Debug|x64.Build.0 = Debug|x64
		{8067E66F-95CE-4A68-A9A4-6DF304DD8F69}.Release|Win32.ActiveCfg = Release|Win32
		{8067E66F-95CE-4A68-A9A4-6DF304DD8F69}.Release|Win32.Build.0 = Release|Win32
		{8067E66F-95CE-4A68-A9A4-6DF304DD8F69}.Release|x64.ActiveCfg = Release|x64
		{8067E66F-95CE-4A68-A9A4-6DF304DD8F69}.Release|x64.Build.0 = Release|x64
		{0438E3AD-40FC-4CEA-9203-A8B0D29D1A95}.Debug|Win32.ActiveCfg = Debug|Win32
		{0438E3AD-40FC-4CEA-9203-A8B0D29D1A95}.Debug|Win32.Build.0 = Debug|Win32
		{0438E3AD-40FC-4CEA-9203-A8B0D29D1A95}.Debug|x64.ActiveCfg = Debug|x64
		{0438E3AD-40FC-4CEA-9203-A8B0D29D1A95}.Debug|x64.Build.0 = Debug|x64
		{0438E3AD-40FC-4CEA-9203-A8B0D29D1A95}.Release|Win32.ActiveCfg = Release|Win32
		{0438E3AD-40FC-4CEA-9203-A8B0D29D1A95}.Release|Win32.Build.0 = Release|Win32
		{0438E3AD-40FC-4CEA-9203-A8B0D29D1A95}.Release|x64.ActiveCfg = Release|x64
		{0438E3AD-40FC-4CEA-9203-A8B0D29D1A95}.Release|x64.Build.0 = Release|x64
	EndGlobalSection
EndGlobal
